
Microsoft Visual Studio Solution File, Format Version 12.00
# Visual Studio Version 17
VisualStudioVersion = 17.0.32014.148
MinimumVisualStudioVersion = 10.0.40219.1
Project("{FAE04EC0-301F-11D3-BF4B-00C04F79EFBC}") = "InnerTypeHomework", "InnerTypeHomework\InnerTypeHomework.csproj", "{BB3D7A0A-33CA-40F6-9419-6D5E463E7F86}"
EndProject
Global
	GlobalSection(SolutionConfigurationPlatforms) = preSolution
		Debug|Any CPU = Debug|Any CPU
		Release|Any CPU = Release|Any CPU
	EndGlobalSection
	GlobalSection(ProjectConfigurationPlatforms) = postSolution
		{BB3D7A0A-33CA-40F6-9419-6D5E463E7F86}.Debug|Any CPU.ActiveCfg = Debug|Any CPU
		{BB3D7A0A-33CA-40F6-9419-6D5E463E7F86}.Debug|Any CPU.Build.0 = Debug|Any CPU
		{BB3D7A0A-33CA-40F6-9419-6D5E463E7F86}.Release|Any CPU.ActiveCfg = Release|Any CPU
		{BB3D7A0A-33CA-40F6-9419-6D5E463E7F86}.Release|Any CPU.Build.0 = Release|Any CPU
	EndGlobalSection
	GlobalSection(SolutionProperties) = preSolution
		HideSolutionNode = FALSE
	EndGlobalSection
	GlobalSection(ExtensibilityGlobals) = postSolution
		SolutionGuid = {BC0D6683-001A-48B0-A8FB-DF7468022B3C}
	EndGlobalSection
EndGlobal
