
Microsoft Visual Studio Solution File, Format Version 12.00
# Visual Studio Version 16
VisualStudioVersion = 16.0.31410.357
MinimumVisualStudioVersion = 10.0.40219.1
Project("{FAE04EC0-301F-11D3-BF4B-00C04F79EFBC}") = "PartialClasses", "PartialClasses\PartialClasses.csproj", "{8A9928FD-BC31-4979-9092-15382BB169D0}"
EndProject
Global
	GlobalSection(SolutionConfigurationPlatforms) = preSolution
		Debug|Any CPU = Debug|Any CPU
		Release|Any CPU = Release|Any CPU
	EndGlobalSection
	GlobalSection(ProjectConfigurationPlatforms) = postSolution
		{8A9928FD-BC31-4979-9092-15382BB169D0}.Debug|Any CPU.ActiveCfg = Debug|Any CPU
		{8A9928FD-BC31-4979-9092-15382BB169D0}.Debug|Any CPU.Build.0 = Debug|Any CPU
		{8A9928FD-BC31-4979-9092-15382BB169D0}.Release|Any CPU.ActiveCfg = Release|Any CPU
		{8A9928FD-BC31-4979-9092-15382BB169D0}.Release|Any CPU.Build.0 = Release|Any CPU
	EndGlobalSection
	GlobalSection(SolutionProperties) = preSolution
		HideSolutionNode = FALSE
	EndGlobalSection
	GlobalSection(ExtensibilityGlobals) = postSolution
		SolutionGuid = {599DE2F1-3B21-48F7-A042-411AA22C363E}
	EndGlobalSection
EndGlobal
