
Microsoft Visual Studio Solution File, Format Version 12.00
# Visual Studio Version 16
VisualStudioVersion = 16.0.31410.357
MinimumVisualStudioVersion = 10.0.40219.1
Project("{FAE04EC0-301F-11D3-BF4B-00C04F79EFBC}") = "ChristmasTree", "ChristmasTree\ChristmasTree.csproj", "{BA02D4C7-CD5C-436B-95B1-DDF2E51952E8}"
EndProject
Global
	GlobalSection(SolutionConfigurationPlatforms) = preSolution
		Debug|Any CPU = Debug|Any CPU
		Release|Any CPU = Release|Any CPU
	EndGlobalSection
	GlobalSection(ProjectConfigurationPlatforms) = postSolution
		{BA02D4C7-CD5C-436B-95B1-DDF2E51952E8}.Debug|Any CPU.ActiveCfg = Debug|Any CPU
		{BA02D4C7-CD5C-436B-95B1-DDF2E51952E8}.Debug|Any CPU.Build.0 = Debug|Any CPU
		{BA02D4C7-CD5C-436B-95B1-DDF2E51952E8}.Release|Any CPU.ActiveCfg = Release|Any CPU
		{BA02D4C7-CD5C-436B-95B1-DDF2E51952E8}.Release|Any CPU.Build.0 = Release|Any CPU
	EndGlobalSection
	GlobalSection(SolutionProperties) = preSolution
		HideSolutionNode = FALSE
	EndGlobalSection
	GlobalSection(ExtensibilityGlobals) = postSolution
		SolutionGuid = {5C62BF56-66C1-4BEA-9640-843B50E4B471}
	EndGlobalSection
EndGlobal
