
Microsoft Visual Studio Solution File, Format Version 12.00
# Visual Studio Version 17
VisualStudioVersion = 17.0.32014.148
MinimumVisualStudioVersion = 10.0.40219.1
Project("{FAE04EC0-301F-11D3-BF4B-00C04F79EFBC}") = "FormApplicationHomework", "FormApplicationHomework\FormApplicationHomework.csproj", "{4C00EB13-5E72-45D7-9F66-DF3D80088CD6}"
EndProject
Global
	GlobalSection(SolutionConfigurationPlatforms) = preSolution
		Debug|Any CPU = Debug|Any CPU
		Release|Any CPU = Release|Any CPU
	EndGlobalSection
	GlobalSection(ProjectConfigurationPlatforms) = postSolution
		{4C00EB13-5E72-45D7-9F66-DF3D80088CD6}.Debug|Any CPU.ActiveCfg = Debug|Any CPU
		{4C00EB13-5E72-45D7-9F66-DF3D80088CD6}.Debug|Any CPU.Build.0 = Debug|Any CPU
		{4C00EB13-5E72-45D7-9F66-DF3D80088CD6}.Release|Any CPU.ActiveCfg = Release|Any CPU
		{4C00EB13-5E72-45D7-9F66-DF3D80088CD6}.Release|Any CPU.Build.0 = Release|Any CPU
	EndGlobalSection
	GlobalSection(SolutionProperties) = preSolution
		HideSolutionNode = FALSE
	EndGlobalSection
	GlobalSection(ExtensibilityGlobals) = postSolution
		SolutionGuid = {4798365B-B0A0-4A2C-8016-E00898F94A21}
	EndGlobalSection
EndGlobal
