
Microsoft Visual Studio Solution File, Format Version 12.00
# Visual Studio Version 16
VisualStudioVersion = 16.0.31410.357
MinimumVisualStudioVersion = 10.0.40219.1
Project("{FAE04EC0-301F-11D3-BF4B-00C04F79EFBC}") = "Methods-Part2", "Methods-Part2\Methods-Part2.csproj", "{AAE4D7D3-0931-4528-998E-FB6AE3014198}"
EndProject
Global
	GlobalSection(SolutionConfigurationPlatforms) = preSolution
		Debug|Any CPU = Debug|Any CPU
		Release|Any CPU = Release|Any CPU
	EndGlobalSection
	GlobalSection(ProjectConfigurationPlatforms) = postSolution
		{AAE4D7D3-0931-4528-998E-FB6AE3014198}.Debug|Any CPU.ActiveCfg = Debug|Any CPU
		{AAE4D7D3-0931-4528-998E-FB6AE3014198}.Debug|Any CPU.Build.0 = Debug|Any CPU
		{AAE4D7D3-0931-4528-998E-FB6AE3014198}.Release|Any CPU.ActiveCfg = Release|Any CPU
		{AAE4D7D3-0931-4528-998E-FB6AE3014198}.Release|Any CPU.Build.0 = Release|Any CPU
	EndGlobalSection
	GlobalSection(SolutionProperties) = preSolution
		HideSolutionNode = FALSE
	EndGlobalSection
	GlobalSection(ExtensibilityGlobals) = postSolution
		SolutionGuid = {AB7D99F9-95D6-4E6D-8BAF-33F7340983C0}
	EndGlobalSection
EndGlobal
