
Microsoft Visual Studio Solution File, Format Version 12.00
# Visual Studio Version 16
VisualStudioVersion = 16.0.31410.357
MinimumVisualStudioVersion = 10.0.40219.1
Project("{FAE04EC0-301F-11D3-BF4B-00C04F79EFBC}") = "ConsoleApp2", "ConsoleApp2\ConsoleApp2.csproj", "{398F18AD-2234-4CCD-AA49-E7B2BF419466}"
EndProject
Global
	GlobalSection(SolutionConfigurationPlatforms) = preSolution
		Debug|Any CPU = Debug|Any CPU
		Release|Any CPU = Release|Any CPU
	EndGlobalSection
	GlobalSection(ProjectConfigurationPlatforms) = postSolution
		{398F18AD-2234-4CCD-AA49-E7B2BF419466}.Debug|Any CPU.ActiveCfg = Debug|Any CPU
		{398F18AD-2234-4CCD-AA49-E7B2BF419466}.Debug|Any CPU.Build.0 = Debug|Any CPU
		{398F18AD-2234-4CCD-AA49-E7B2BF419466}.Release|Any CPU.ActiveCfg = Release|Any CPU
		{398F18AD-2234-4CCD-AA49-E7B2BF419466}.Release|Any CPU.Build.0 = Release|Any CPU
	EndGlobalSection
	GlobalSection(SolutionProperties) = preSolution
		HideSolutionNode = FALSE
	EndGlobalSection
	GlobalSection(ExtensibilityGlobals) = postSolution
		SolutionGuid = {5FBB9897-F00B-4630-ABD3-D75E6C9F8FD0}
	EndGlobalSection
EndGlobal
