
Microsoft Visual Studio Solution File, Format Version 12.00
# Visual Studio Version 16
VisualStudioVersion = 16.0.31410.357
MinimumVisualStudioVersion = 10.0.40219.1
Project("{FAE04EC0-301F-11D3-BF4B-00C04F79EFBC}") = "HomeworkStudent", "HomeworkStudent\HomeworkStudent.csproj", "{4749CF76-BCCA-43E9-BA6A-F18264174036}"
EndProject
Global
	GlobalSection(SolutionConfigurationPlatforms) = preSolution
		Debug|Any CPU = Debug|Any CPU
		Release|Any CPU = Release|Any CPU
	EndGlobalSection
	GlobalSection(ProjectConfigurationPlatforms) = postSolution
		{4749CF76-BCCA-43E9-BA6A-F18264174036}.Debug|Any CPU.ActiveCfg = Debug|Any CPU
		{4749CF76-BCCA-43E9-BA6A-F18264174036}.Debug|Any CPU.Build.0 = Debug|Any CPU
		{4749CF76-BCCA-43E9-BA6A-F18264174036}.Release|Any CPU.ActiveCfg = Release|Any CPU
		{4749CF76-BCCA-43E9-BA6A-F18264174036}.Release|Any CPU.Build.0 = Release|Any CPU
	EndGlobalSection
	GlobalSection(SolutionProperties) = preSolution
		HideSolutionNode = FALSE
	EndGlobalSection
	GlobalSection(ExtensibilityGlobals) = postSolution
		SolutionGuid = {692D7CAD-F875-4AC1-B332-620C8D294643}
	EndGlobalSection
EndGlobal
