
Microsoft Visual Studio Solution File, Format Version 12.00
# Visual Studio Version 16
VisualStudioVersion = 16.0.31410.357
MinimumVisualStudioVersion = 10.0.40219.1
Project("{FAE04EC0-301F-11D3-BF4B-00C04F79EFBC}") = "Loops", "Loops\Loops.csproj", "{F182EC44-8399-44BB-A76C-C9FCD7E87CCA}"
EndProject
Global
	GlobalSection(SolutionConfigurationPlatforms) = preSolution
		Debug|Any CPU = Debug|Any CPU
		Release|Any CPU = Release|Any CPU
	EndGlobalSection
	GlobalSection(ProjectConfigurationPlatforms) = postSolution
		{F182EC44-8399-44BB-A76C-C9FCD7E87CCA}.Debug|Any CPU.ActiveCfg = Debug|Any CPU
		{F182EC44-8399-44BB-A76C-C9FCD7E87CCA}.Debug|Any CPU.Build.0 = Debug|Any CPU
		{F182EC44-8399-44BB-A76C-C9FCD7E87CCA}.Release|Any CPU.ActiveCfg = Release|Any CPU
		{F182EC44-8399-44BB-A76C-C9FCD7E87CCA}.Release|Any CPU.Build.0 = Release|Any CPU
	EndGlobalSection
	GlobalSection(SolutionProperties) = preSolution
		HideSolutionNode = FALSE
	EndGlobalSection
	GlobalSection(ExtensibilityGlobals) = postSolution
		SolutionGuid = {83F92C71-6407-435D-BB59-9436E6D25354}
	EndGlobalSection
EndGlobal
