
Microsoft Visual Studio Solution File, Format Version 12.00
# Visual Studio Version 16
VisualStudioVersion = 16.0.31410.357
MinimumVisualStudioVersion = 10.0.40219.1
Project("{FAE04EC0-301F-11D3-BF4B-00C04F79EFBC}") = "BookStore", "BookStore\BookStore.csproj", "{0AAFC92B-3163-4451-ACB1-0F5D59DE5FA7}"
EndProject
Global
	GlobalSection(SolutionConfigurationPlatforms) = preSolution
		Debug|Any CPU = Debug|Any CPU
		Release|Any CPU = Release|Any CPU
	EndGlobalSection
	GlobalSection(ProjectConfigurationPlatforms) = postSolution
		{0AAFC92B-3163-4451-ACB1-0F5D59DE5FA7}.Debug|Any CPU.ActiveCfg = Debug|Any CPU
		{0AAFC92B-3163-4451-ACB1-0F5D59DE5FA7}.Debug|Any CPU.Build.0 = Debug|Any CPU
		{0AAFC92B-3163-4451-ACB1-0F5D59DE5FA7}.Release|Any CPU.ActiveCfg = Release|Any CPU
		{0AAFC92B-3163-4451-ACB1-0F5D59DE5FA7}.Release|Any CPU.Build.0 = Release|Any CPU
	EndGlobalSection
	GlobalSection(SolutionProperties) = preSolution
		HideSolutionNode = FALSE
	EndGlobalSection
	GlobalSection(ExtensibilityGlobals) = postSolution
		SolutionGuid = {C07B75A7-8659-4158-9A04-9E6311D53280}
	EndGlobalSection
EndGlobal
