
Microsoft Visual Studio Solution File, Format Version 12.00
# Visual Studio Version 16
VisualStudioVersion = 16.0.31702.278
MinimumVisualStudioVersion = 10.0.40219.1
Project("{FAE04EC0-301F-11D3-BF4B-00C04F79EFBC}") = "Lops", "Lops\Lops.csproj", "{98267E8B-46F1-4371-91A3-161201914872}"
EndProject
Global
	GlobalSection(SolutionConfigurationPlatforms) = preSolution
		Debug|Any CPU = Debug|Any CPU
		Release|Any CPU = Release|Any CPU
	EndGlobalSection
	GlobalSection(ProjectConfigurationPlatforms) = postSolution
		{98267E8B-46F1-4371-91A3-161201914872}.Debug|Any CPU.ActiveCfg = Debug|Any CPU
		{98267E8B-46F1-4371-91A3-161201914872}.Debug|Any CPU.Build.0 = Debug|Any CPU
		{98267E8B-46F1-4371-91A3-161201914872}.Release|Any CPU.ActiveCfg = Release|Any CPU
		{98267E8B-46F1-4371-91A3-161201914872}.Release|Any CPU.Build.0 = Release|Any CPU
	EndGlobalSection
	GlobalSection(SolutionProperties) = preSolution
		HideSolutionNode = FALSE
	EndGlobalSection
	GlobalSection(ExtensibilityGlobals) = postSolution
		SolutionGuid = {D1FCB08B-438F-4A63-8514-73CD908E5D9A}
	EndGlobalSection
EndGlobal
