
Microsoft Visual Studio Solution File, Format Version 12.00
# Visual Studio Version 17
VisualStudioVersion = 17.0.32014.148
MinimumVisualStudioVersion = 10.0.40219.1
Project("{FAE04EC0-301F-11D3-BF4B-00C04F79EFBC}") = "IneritanceHomework", "IneritanceHomework\IneritanceHomework.csproj", "{863CC279-3618-45C5-BCB8-A9D9226FE499}"
EndProject
Global
	GlobalSection(SolutionConfigurationPlatforms) = preSolution
		Debug|Any CPU = Debug|Any CPU
		Release|Any CPU = Release|Any CPU
	EndGlobalSection
	GlobalSection(ProjectConfigurationPlatforms) = postSolution
		{863CC279-3618-45C5-BCB8-A9D9226FE499}.Debug|Any CPU.ActiveCfg = Debug|Any CPU
		{863CC279-3618-45C5-BCB8-A9D9226FE499}.Debug|Any CPU.Build.0 = Debug|Any CPU
		{863CC279-3618-45C5-BCB8-A9D9226FE499}.Release|Any CPU.ActiveCfg = Release|Any CPU
		{863CC279-3618-45C5-BCB8-A9D9226FE499}.Release|Any CPU.Build.0 = Release|Any CPU
	EndGlobalSection
	GlobalSection(SolutionProperties) = preSolution
		HideSolutionNode = FALSE
	EndGlobalSection
	GlobalSection(ExtensibilityGlobals) = postSolution
		SolutionGuid = {A2151532-850C-466D-98FF-5107C26DDDD4}
	EndGlobalSection
EndGlobal
