
Microsoft Visual Studio Solution File, Format Version 12.00
# Visual Studio Version 17
VisualStudioVersion = 17.0.32014.148
MinimumVisualStudioVersion = 10.0.40219.1
Project("{FAE04EC0-301F-11D3-BF4B-00C04F79EFBC}") = "Homework1", "Homework1\Homework1.csproj", "{F35F2DA2-20CB-47C2-966D-C050FE8207EC}"
EndProject
Global
	GlobalSection(SolutionConfigurationPlatforms) = preSolution
		Debug|Any CPU = Debug|Any CPU
		Release|Any CPU = Release|Any CPU
	EndGlobalSection
	GlobalSection(ProjectConfigurationPlatforms) = postSolution
		{F35F2DA2-20CB-47C2-966D-C050FE8207EC}.Debug|Any CPU.ActiveCfg = Debug|Any CPU
		{F35F2DA2-20CB-47C2-966D-C050FE8207EC}.Debug|Any CPU.Build.0 = Debug|Any CPU
		{F35F2DA2-20CB-47C2-966D-C050FE8207EC}.Release|Any CPU.ActiveCfg = Release|Any CPU
		{F35F2DA2-20CB-47C2-966D-C050FE8207EC}.Release|Any CPU.Build.0 = Release|Any CPU
	EndGlobalSection
	GlobalSection(SolutionProperties) = preSolution
		HideSolutionNode = FALSE
	EndGlobalSection
	GlobalSection(ExtensibilityGlobals) = postSolution
		SolutionGuid = {7A185219-180D-4624-A18C-A8047B50C389}
	EndGlobalSection
EndGlobal
