
Microsoft Visual Studio Solution File, Format Version 12.00
# Visual Studio Version 16
VisualStudioVersion = 16.0.31410.357
MinimumVisualStudioVersion = 10.0.40219.1
Project("{FAE04EC0-301F-11D3-BF4B-00C04F79EFBC}") = "SealedClass", "SealedClass\SealedClass.csproj", "{4AB6A75A-6B20-4238-AAD2-34249658FEBF}"
EndProject
Global
	GlobalSection(SolutionConfigurationPlatforms) = preSolution
		Debug|Any CPU = Debug|Any CPU
		Release|Any CPU = Release|Any CPU
	EndGlobalSection
	GlobalSection(ProjectConfigurationPlatforms) = postSolution
		{4AB6A75A-6B20-4238-AAD2-34249658FEBF}.Debug|Any CPU.ActiveCfg = Debug|Any CPU
		{4AB6A75A-6B20-4238-AAD2-34249658FEBF}.Debug|Any CPU.Build.0 = Debug|Any CPU
		{4AB6A75A-6B20-4238-AAD2-34249658FEBF}.Release|Any CPU.ActiveCfg = Release|Any CPU
		{4AB6A75A-6B20-4238-AAD2-34249658FEBF}.Release|Any CPU.Build.0 = Release|Any CPU
	EndGlobalSection
	GlobalSection(SolutionProperties) = preSolution
		HideSolutionNode = FALSE
	EndGlobalSection
	GlobalSection(ExtensibilityGlobals) = postSolution
		SolutionGuid = {3018ABEA-5182-4943-9B51-BBA226AEDC87}
	EndGlobalSection
EndGlobal
