
Microsoft Visual Studio Solution File, Format Version 12.00
# Visual Studio Version 16
VisualStudioVersion = 16.0.31410.357
MinimumVisualStudioVersion = 10.0.40219.1
Project("{FAE04EC0-301F-11D3-BF4B-00C04F79EFBC}") = "InterfacesAndConstructorsAndInheritance", "InterfacesAndConstructorsAndInheritance\InterfacesAndConstructorsAndInheritance.csproj", "{6608B063-3CBD-4EFA-BF71-24A7BBBBC698}"
EndProject
Global
	GlobalSection(SolutionConfigurationPlatforms) = preSolution
		Debug|Any CPU = Debug|Any CPU
		Release|Any CPU = Release|Any CPU
	EndGlobalSection
	GlobalSection(ProjectConfigurationPlatforms) = postSolution
		{6608B063-3CBD-4EFA-BF71-24A7BBBBC698}.Debug|Any CPU.ActiveCfg = Debug|Any CPU
		{6608B063-3CBD-4EFA-BF71-24A7BBBBC698}.Debug|Any CPU.Build.0 = Debug|Any CPU
		{6608B063-3CBD-4EFA-BF71-24A7BBBBC698}.Release|Any CPU.ActiveCfg = Release|Any CPU
		{6608B063-3CBD-4EFA-BF71-24A7BBBBC698}.Release|Any CPU.Build.0 = Release|Any CPU
	EndGlobalSection
	GlobalSection(SolutionProperties) = preSolution
		HideSolutionNode = FALSE
	EndGlobalSection
	GlobalSection(ExtensibilityGlobals) = postSolution
		SolutionGuid = {DC598004-3873-49AD-B8DD-296D9B6B0351}
	EndGlobalSection
EndGlobal
